
Microsoft Visual Studio Solution File, Format Version 11.00
# Visual Studio 2010
Project("{FAE04EC0-301F-11D3-BF4B-00C04F79EFBC}") = "Bickle.Tests", "Bickle.Tests\Bickle.Tests.csproj", "{D55EEAA8-3532-4AEF-9ADF-0529A636E282}"
EndProject
Project("{FAE04EC0-301F-11D3-BF4B-00C04F79EFBC}") = "Bickle.Framework", "Bickle.Framework\Bickle.Framework.csproj", "{A16D2C8C-B99B-45D4-9127-176BE9F99F47}"
EndProject
Project("{2150E333-8FDC-42A3-9474-1A3956D46DE8}") = "Solution Items", "Solution Items", "{4E429730-BA2C-4663-A2CE-2514566F013F}"
	ProjectSection(SolutionItems) = preProject
		..\.gitignore = ..\.gitignore
		..\default.proj = ..\default.proj
	EndProjectSection
EndProject
Project("{FAE04EC0-301F-11D3-BF4B-00C04F79EFBC}") = "Bickle", "Bickle\Bickle.csproj", "{1CD126AC-004F-4AED-826C-428AA568FB9B}"
EndProject
Project("{FAE04EC0-301F-11D3-BF4B-00C04F79EFBC}") = "Bickle.Examples", "Bickle.Examples\Bickle.Examples.csproj", "{001E1E17-81B1-43D7-A95D-D76D0BEBDE51}"
EndProject
Project("{FAE04EC0-301F-11D3-BF4B-00C04F79EFBC}") = "Bickle.ReSharper", "Bickle.ReSharper\Bickle.ReSharper.csproj", "{91AD62C7-76F7-4E6A-8015-B1AE6FD453C0}"
EndProject
Global
	GlobalSection(SolutionConfigurationPlatforms) = preSolution
		Debug|Any CPU = Debug|Any CPU
		Debug|Mixed Platforms = Debug|Mixed Platforms
		Debug|x86 = Debug|x86
		Release|Any CPU = Release|Any CPU
		Release|Mixed Platforms = Release|Mixed Platforms
		Release|x86 = Release|x86
	EndGlobalSection
	GlobalSection(ProjectConfigurationPlatforms) = postSolution
		{D55EEAA8-3532-4AEF-9ADF-0529A636E282}.Debug|Any CPU.ActiveCfg = Debug|Any CPU
		{D55EEAA8-3532-4AEF-9ADF-0529A636E282}.Debug|Any CPU.Build.0 = Debug|Any CPU
		{D55EEAA8-3532-4AEF-9ADF-0529A636E282}.Debug|Mixed Platforms.ActiveCfg = Debug|Any CPU
		{D55EEAA8-3532-4AEF-9ADF-0529A636E282}.Debug|Mixed Platforms.Build.0 = Debug|Any CPU
		{D55EEAA8-3532-4AEF-9ADF-0529A636E282}.Debug|x86.ActiveCfg = Debug|Any CPU
		{D55EEAA8-3532-4AEF-9ADF-0529A636E282}.Release|Any CPU.ActiveCfg = Release|Any CPU
		{D55EEAA8-3532-4AEF-9ADF-0529A636E282}.Release|Any CPU.Build.0 = Release|Any CPU
		{D55EEAA8-3532-4AEF-9ADF-0529A636E282}.Release|Mixed Platforms.ActiveCfg = Release|Any CPU
		{D55EEAA8-3532-4AEF-9ADF-0529A636E282}.Release|Mixed Platforms.Build.0 = Release|Any CPU
		{D55EEAA8-3532-4AEF-9ADF-0529A636E282}.Release|x86.ActiveCfg = Release|Any CPU
		{A16D2C8C-B99B-45D4-9127-176BE9F99F47}.Debug|Any CPU.ActiveCfg = Debug|Any CPU
		{A16D2C8C-B99B-45D4-9127-176BE9F99F47}.Debug|Any CPU.Build.0 = Debug|Any CPU
		{A16D2C8C-B99B-45D4-9127-176BE9F99F47}.Debug|Mixed Platforms.ActiveCfg = Debug|Any CPU
		{A16D2C8C-B99B-45D4-9127-176BE9F99F47}.Debug|Mixed Platforms.Build.0 = Debug|Any CPU
		{A16D2C8C-B99B-45D4-9127-176BE9F99F47}.Debug|x86.ActiveCfg = Debug|Any CPU
		{A16D2C8C-B99B-45D4-9127-176BE9F99F47}.Release|Any CPU.ActiveCfg = Release|Any CPU
		{A16D2C8C-B99B-45D4-9127-176BE9F99F47}.Release|Any CPU.Build.0 = Release|Any CPU
		{A16D2C8C-B99B-45D4-9127-176BE9F99F47}.Release|Mixed Platforms.ActiveCfg = Release|Any CPU
		{A16D2C8C-B99B-45D4-9127-176BE9F99F47}.Release|Mixed Platforms.Build.0 = Release|Any CPU
		{A16D2C8C-B99B-45D4-9127-176BE9F99F47}.Release|x86.ActiveCfg = Release|Any CPU
		{1CD126AC-004F-4AED-826C-428AA568FB9B}.Debug|Any CPU.ActiveCfg = Debug|x86
		{1CD126AC-004F-4AED-826C-428AA568FB9B}.Debug|Mixed Platforms.ActiveCfg = Debug|x86
		{1CD126AC-004F-4AED-826C-428AA568FB9B}.Debug|Mixed Platforms.Build.0 = Debug|x86
		{1CD126AC-004F-4AED-826C-428AA568FB9B}.Debug|x86.ActiveCfg = Debug|x86
		{1CD126AC-004F-4AED-826C-428AA568FB9B}.Debug|x86.Build.0 = Debug|x86
		{1CD126AC-004F-4AED-826C-428AA568FB9B}.Release|Any CPU.ActiveCfg = Release|x86
		{1CD126AC-004F-4AED-826C-428AA568FB9B}.Release|Mixed Platforms.ActiveCfg = Release|x86
		{1CD126AC-004F-4AED-826C-428AA568FB9B}.Release|Mixed Platforms.Build.0 = Release|x86
		{1CD126AC-004F-4AED-826C-428AA568FB9B}.Release|x86.ActiveCfg = Release|x86
		{1CD126AC-004F-4AED-826C-428AA568FB9B}.Release|x86.Build.0 = Release|x86
		{001E1E17-81B1-43D7-A95D-D76D0BEBDE51}.Debug|Any CPU.ActiveCfg = Debug|Any CPU
		{001E1E17-81B1-43D7-A95D-D76D0BEBDE51}.Debug|Any CPU.Build.0 = Debug|Any CPU
		{001E1E17-81B1-43D7-A95D-D76D0BEBDE51}.Debug|Mixed Platforms.ActiveCfg = Debug|Any CPU
		{001E1E17-81B1-43D7-A95D-D76D0BEBDE51}.Debug|Mixed Platforms.Build.0 = Debug|Any CPU
		{001E1E17-81B1-43D7-A95D-D76D0BEBDE51}.Debug|x86.ActiveCfg = Debug|Any CPU
		{001E1E17-81B1-43D7-A95D-D76D0BEBDE51}.Release|Any CPU.ActiveCfg = Release|Any CPU
		{001E1E17-81B1-43D7-A95D-D76D0BEBDE51}.Release|Any CPU.Build.0 = Release|Any CPU
		{001E1E17-81B1-43D7-A95D-D76D0BEBDE51}.Release|Mixed Platforms.ActiveCfg = Release|Any CPU
		{001E1E17-81B1-43D7-A95D-D76D0BEBDE51}.Release|Mixed Platforms.Build.0 = Release|Any CPU
		{001E1E17-81B1-43D7-A95D-D76D0BEBDE51}.Release|x86.ActiveCfg = Release|Any CPU
		{91AD62C7-76F7-4E6A-8015-B1AE6FD453C0}.Debug|Any CPU.ActiveCfg = Debug|Any CPU
		{91AD62C7-76F7-4E6A-8015-B1AE6FD453C0}.Debug|Any CPU.Build.0 = Debug|Any CPU
		{91AD62C7-76F7-4E6A-8015-B1AE6FD453C0}.Debug|Mixed Platforms.ActiveCfg = Debug|Any CPU
		{91AD62C7-76F7-4E6A-8015-B1AE6FD453C0}.Debug|Mixed Platforms.Build.0 = Debug|Any CPU
		{91AD62C7-76F7-4E6A-8015-B1AE6FD453C0}.Debug|x86.ActiveCfg = Debug|Any CPU
		{91AD62C7-76F7-4E6A-8015-B1AE6FD453C0}.Release|Any CPU.ActiveCfg = Release|Any CPU
		{91AD62C7-76F7-4E6A-8015-B1AE6FD453C0}.Release|Any CPU.Build.0 = Release|Any CPU
		{91AD62C7-76F7-4E6A-8015-B1AE6FD453C0}.Release|Mixed Platforms.ActiveCfg = Release|Any CPU
		{91AD62C7-76F7-4E6A-8015-B1AE6FD453C0}.Release|Mixed Platforms.Build.0 = Release|Any CPU
		{91AD62C7-76F7-4E6A-8015-B1AE6FD453C0}.Release|x86.ActiveCfg = Release|Any CPU
	EndGlobalSection
	GlobalSection(SolutionProperties) = preSolution
		HideSolutionNode = FALSE
	EndGlobalSection
EndGlobal
