
Microsoft Visual Studio Solution File, Format Version 11.00
# Visual Studio 2010
Project("{FAE04EC0-301F-11D3-BF4B-00C04F79EFBC}") = "RedundantSpec.Tests", "RedundantSpec.Tests\RedundantSpec.Tests.csproj", "{D55EEAA8-3532-4AEF-9ADF-0529A636E282}"
EndProject
Project("{FAE04EC0-301F-11D3-BF4B-00C04F79EFBC}") = "RedundantSpec", "RedundantSpec\RedundantSpec.csproj", "{A16D2C8C-B99B-45D4-9127-176BE9F99F47}"
EndProject
Project("{2150E333-8FDC-42A3-9474-1A3956D46DE8}") = "Solution Items", "Solution Items", "{4E429730-BA2C-4663-A2CE-2514566F013F}"
	ProjectSection(SolutionItems) = preProject
		..\.gitignore = ..\.gitignore
	EndProjectSection
EndProject
Global
	GlobalSection(SolutionConfigurationPlatforms) = preSolution
		Debug|Any CPU = Debug|Any CPU
		Release|Any CPU = Release|Any CPU
	EndGlobalSection
	GlobalSection(ProjectConfigurationPlatforms) = postSolution
		{D55EEAA8-3532-4AEF-9ADF-0529A636E282}.Debug|Any CPU.ActiveCfg = Debug|Any CPU
		{D55EEAA8-3532-4AEF-9ADF-0529A636E282}.Debug|Any CPU.Build.0 = Debug|Any CPU
		{D55EEAA8-3532-4AEF-9ADF-0529A636E282}.Release|Any CPU.ActiveCfg = Release|Any CPU
		{D55EEAA8-3532-4AEF-9ADF-0529A636E282}.Release|Any CPU.Build.0 = Release|Any CPU
		{A16D2C8C-B99B-45D4-9127-176BE9F99F47}.Debug|Any CPU.ActiveCfg = Debug|Any CPU
		{A16D2C8C-B99B-45D4-9127-176BE9F99F47}.Debug|Any CPU.Build.0 = Debug|Any CPU
		{A16D2C8C-B99B-45D4-9127-176BE9F99F47}.Release|Any CPU.ActiveCfg = Release|Any CPU
		{A16D2C8C-B99B-45D4-9127-176BE9F99F47}.Release|Any CPU.Build.0 = Release|Any CPU
	EndGlobalSection
	GlobalSection(SolutionProperties) = preSolution
		HideSolutionNode = FALSE
	EndGlobalSection
EndGlobal
